
Microsoft Visual Studio Solution File, Format Version 12.00
# Visual Studio Version 16
VisualStudioVersion = 16.0.30717.126
MinimumVisualStudioVersion = 10.0.40219.1
Project("{9A19103F-16F7-4668-BE54-9A1E7A4F7556}") = "AutoPark", "AutoPark\AutoPark.csproj", "{B176F98C-2644-4D7E-98CE-A7AC4F582A61}"
EndProject
Global
	GlobalSection(SolutionConfigurationPlatforms) = preSolution
		Debug|Any CPU = Debug|Any CPU
		Release|Any CPU = Release|Any CPU
	EndGlobalSection
	GlobalSection(ProjectConfigurationPlatforms) = postSolution
		{B176F98C-2644-4D7E-98CE-A7AC4F582A61}.Debug|Any CPU.ActiveCfg = Debug|Any CPU
		{B176F98C-2644-4D7E-98CE-A7AC4F582A61}.Debug|Any CPU.Build.0 = Debug|Any CPU
		{B176F98C-2644-4D7E-98CE-A7AC4F582A61}.Release|Any CPU.ActiveCfg = Release|Any CPU
		{B176F98C-2644-4D7E-98CE-A7AC4F582A61}.Release|Any CPU.Build.0 = Release|Any CPU
	EndGlobalSection
	GlobalSection(SolutionProperties) = preSolution
		HideSolutionNode = FALSE
	EndGlobalSection
	GlobalSection(ExtensibilityGlobals) = postSolution
		SolutionGuid = {1AD927ED-26E7-4D3B-B085-4FF01141940A}
	EndGlobalSection
EndGlobal
